
Microsoft Visual Studio Solution File, Format Version 11.00
# Visual Studio 2010
Project("{FAE04EC0-301F-11D3-BF4B-00C04F79EFBC}") = "SM64 model importer", "SM64 model importer\SM64 model importer.csproj", "{A4ADCCC1-A7C4-4359-B8FA-A425C63A4C80}"
EndProject
Project("{FAE04EC0-301F-11D3-BF4B-00C04F79EFBC}") = "SM64Renderer", "SM64Renderer\SM64Renderer.csproj", "{7FB549A5-53B5-4319-8F18-C5B2A391123C}"
EndProject
Project("{FAE04EC0-301F-11D3-BF4B-00C04F79EFBC}") = "SM64RAM", "SM64RAM\SM64RAM.csproj", "{883ED3C0-9224-4733-817B-7EBBE2EBC01B}"
EndProject
Project("{FAE04EC0-301F-11D3-BF4B-00C04F79EFBC}") = "SM64LevelEditor", "SM64LevelEditor\SM64LevelEditor.csproj", "{B2611685-CA2E-4448-8671-FD23EDB6138B}"
EndProject
Project("{FAE04EC0-301F-11D3-BF4B-00C04F79EFBC}") = "SM64Patcher", "SM64Patcher\SM64Patcher.csproj", "{9AC40DDE-ABE9-4923-A1E2-F6CC7E5287C3}"
EndProject
Global
	GlobalSection(SolutionConfigurationPlatforms) = preSolution
		Debug|Any CPU = Debug|Any CPU
		Debug|Mixed Platforms = Debug|Mixed Platforms
		Debug|x86 = Debug|x86
		Release|Any CPU = Release|Any CPU
		Release|Mixed Platforms = Release|Mixed Platforms
		Release|x86 = Release|x86
	EndGlobalSection
	GlobalSection(ProjectConfigurationPlatforms) = postSolution
		{A4ADCCC1-A7C4-4359-B8FA-A425C63A4C80}.Debug|Any CPU.ActiveCfg = Debug|x86
		{A4ADCCC1-A7C4-4359-B8FA-A425C63A4C80}.Debug|Mixed Platforms.ActiveCfg = Debug|x86
		{A4ADCCC1-A7C4-4359-B8FA-A425C63A4C80}.Debug|Mixed Platforms.Build.0 = Debug|x86
		{A4ADCCC1-A7C4-4359-B8FA-A425C63A4C80}.Debug|x86.ActiveCfg = Debug|x86
		{A4ADCCC1-A7C4-4359-B8FA-A425C63A4C80}.Debug|x86.Build.0 = Debug|x86
		{A4ADCCC1-A7C4-4359-B8FA-A425C63A4C80}.Release|Any CPU.ActiveCfg = Release|x86
		{A4ADCCC1-A7C4-4359-B8FA-A425C63A4C80}.Release|Mixed Platforms.ActiveCfg = Release|x86
		{A4ADCCC1-A7C4-4359-B8FA-A425C63A4C80}.Release|Mixed Platforms.Build.0 = Release|x86
		{A4ADCCC1-A7C4-4359-B8FA-A425C63A4C80}.Release|x86.ActiveCfg = Release|x86
		{A4ADCCC1-A7C4-4359-B8FA-A425C63A4C80}.Release|x86.Build.0 = Release|x86
		{7FB549A5-53B5-4319-8F18-C5B2A391123C}.Debug|Any CPU.ActiveCfg = Debug|Any CPU
		{7FB549A5-53B5-4319-8F18-C5B2A391123C}.Debug|Any CPU.Build.0 = Debug|Any CPU
		{7FB549A5-53B5-4319-8F18-C5B2A391123C}.Debug|Mixed Platforms.ActiveCfg = Debug|Any CPU
		{7FB549A5-53B5-4319-8F18-C5B2A391123C}.Debug|Mixed Platforms.Build.0 = Debug|Any CPU
		{7FB549A5-53B5-4319-8F18-C5B2A391123C}.Debug|x86.ActiveCfg = Debug|Any CPU
		{7FB549A5-53B5-4319-8F18-C5B2A391123C}.Release|Any CPU.ActiveCfg = Release|Any CPU
		{7FB549A5-53B5-4319-8F18-C5B2A391123C}.Release|Any CPU.Build.0 = Release|Any CPU
		{7FB549A5-53B5-4319-8F18-C5B2A391123C}.Release|Mixed Platforms.ActiveCfg = Release|Any CPU
		{7FB549A5-53B5-4319-8F18-C5B2A391123C}.Release|Mixed Platforms.Build.0 = Release|Any CPU
		{7FB549A5-53B5-4319-8F18-C5B2A391123C}.Release|x86.ActiveCfg = Release|Any CPU
		{883ED3C0-9224-4733-817B-7EBBE2EBC01B}.Debug|Any CPU.ActiveCfg = Debug|Any CPU
		{883ED3C0-9224-4733-817B-7EBBE2EBC01B}.Debug|Any CPU.Build.0 = Debug|Any CPU
		{883ED3C0-9224-4733-817B-7EBBE2EBC01B}.Debug|Mixed Platforms.ActiveCfg = Debug|Any CPU
		{883ED3C0-9224-4733-817B-7EBBE2EBC01B}.Debug|Mixed Platforms.Build.0 = Debug|Any CPU
		{883ED3C0-9224-4733-817B-7EBBE2EBC01B}.Debug|x86.ActiveCfg = Debug|Any CPU
		{883ED3C0-9224-4733-817B-7EBBE2EBC01B}.Release|Any CPU.ActiveCfg = Release|Any CPU
		{883ED3C0-9224-4733-817B-7EBBE2EBC01B}.Release|Any CPU.Build.0 = Release|Any CPU
		{883ED3C0-9224-4733-817B-7EBBE2EBC01B}.Release|Mixed Platforms.ActiveCfg = Release|Any CPU
		{883ED3C0-9224-4733-817B-7EBBE2EBC01B}.Release|Mixed Platforms.Build.0 = Release|Any CPU
		{883ED3C0-9224-4733-817B-7EBBE2EBC01B}.Release|x86.ActiveCfg = Release|Any CPU
		{B2611685-CA2E-4448-8671-FD23EDB6138B}.Debug|Any CPU.ActiveCfg = Debug|x86
		{B2611685-CA2E-4448-8671-FD23EDB6138B}.Debug|Mixed Platforms.ActiveCfg = Debug|x86
		{B2611685-CA2E-4448-8671-FD23EDB6138B}.Debug|Mixed Platforms.Build.0 = Debug|x86
		{B2611685-CA2E-4448-8671-FD23EDB6138B}.Debug|x86.ActiveCfg = Debug|x86
		{B2611685-CA2E-4448-8671-FD23EDB6138B}.Debug|x86.Build.0 = Debug|x86
		{B2611685-CA2E-4448-8671-FD23EDB6138B}.Release|Any CPU.ActiveCfg = Release|x86
		{B2611685-CA2E-4448-8671-FD23EDB6138B}.Release|Mixed Platforms.ActiveCfg = Release|x86
		{B2611685-CA2E-4448-8671-FD23EDB6138B}.Release|Mixed Platforms.Build.0 = Release|x86
		{B2611685-CA2E-4448-8671-FD23EDB6138B}.Release|x86.ActiveCfg = Release|x86
		{B2611685-CA2E-4448-8671-FD23EDB6138B}.Release|x86.Build.0 = Release|x86
		{9AC40DDE-ABE9-4923-A1E2-F6CC7E5287C3}.Debug|Any CPU.ActiveCfg = Debug|x86
		{9AC40DDE-ABE9-4923-A1E2-F6CC7E5287C3}.Debug|Mixed Platforms.ActiveCfg = Debug|x86
		{9AC40DDE-ABE9-4923-A1E2-F6CC7E5287C3}.Debug|Mixed Platforms.Build.0 = Debug|x86
		{9AC40DDE-ABE9-4923-A1E2-F6CC7E5287C3}.Debug|x86.ActiveCfg = Debug|x86
		{9AC40DDE-ABE9-4923-A1E2-F6CC7E5287C3}.Debug|x86.Build.0 = Debug|x86
		{9AC40DDE-ABE9-4923-A1E2-F6CC7E5287C3}.Release|Any CPU.ActiveCfg = Release|x86
		{9AC40DDE-ABE9-4923-A1E2-F6CC7E5287C3}.Release|Mixed Platforms.ActiveCfg = Release|x86
		{9AC40DDE-ABE9-4923-A1E2-F6CC7E5287C3}.Release|Mixed Platforms.Build.0 = Release|x86
		{9AC40DDE-ABE9-4923-A1E2-F6CC7E5287C3}.Release|x86.ActiveCfg = Release|x86
		{9AC40DDE-ABE9-4923-A1E2-F6CC7E5287C3}.Release|x86.Build.0 = Release|x86
	EndGlobalSection
	GlobalSection(SolutionProperties) = preSolution
		HideSolutionNode = FALSE
	EndGlobalSection
EndGlobal
